
Microsoft Visual Studio Solution File, Format Version 11.00
# Visual Studio 2010
Project("{FAE04EC0-301F-11D3-BF4B-00C04F79EFBC}") = "XamarinStudio.FSharp.Android", "XamarinStudio.FSharp.Android\XamarinStudio.FSharp.Android.csproj", "{EF7701BA-D9F7-4B3C-AFD3-1ACBA3F35559}"
EndProject
Project("{FAE04EC0-301F-11D3-BF4B-00C04F79EFBC}") = "XamarinStudio.FSharp.MonoMac", "XamarinStudio.FSharp.MonoMac\XamarinStudio.FSharp.MonoMac.csproj", "{D2691334-6B77-477C-B2EB-8365C5EC3D50}"
EndProject
Global
	GlobalSection(SolutionConfigurationPlatforms) = preSolution
		Debug|Any CPU = Debug|Any CPU
		Release|Any CPU = Release|Any CPU
	EndGlobalSection
	GlobalSection(ProjectConfigurationPlatforms) = postSolution
		{D2691334-6B77-477C-B2EB-8365C5EC3D50}.Debug|Any CPU.ActiveCfg = Debug|Any CPU
		{D2691334-6B77-477C-B2EB-8365C5EC3D50}.Debug|Any CPU.Build.0 = Debug|Any CPU
		{D2691334-6B77-477C-B2EB-8365C5EC3D50}.Release|Any CPU.ActiveCfg = Release|Any CPU
		{D2691334-6B77-477C-B2EB-8365C5EC3D50}.Release|Any CPU.Build.0 = Release|Any CPU
		{EF7701BA-D9F7-4B3C-AFD3-1ACBA3F35559}.Debug|Any CPU.ActiveCfg = Debug|Any CPU
		{EF7701BA-D9F7-4B3C-AFD3-1ACBA3F35559}.Debug|Any CPU.Build.0 = Debug|Any CPU
		{EF7701BA-D9F7-4B3C-AFD3-1ACBA3F35559}.Release|Any CPU.ActiveCfg = Release|Any CPU
		{EF7701BA-D9F7-4B3C-AFD3-1ACBA3F35559}.Release|Any CPU.Build.0 = Release|Any CPU
	EndGlobalSection
	GlobalSection(MonoDevelopProperties) = preSolution
		StartupItem = XamarinStudio.FSharp.Android\XamarinStudio.FSharp.Android.csproj
	EndGlobalSection
EndGlobal
